
Microsoft Visual Studio Solution File, Format Version 12.00
Project("{FAE04EC0-301F-11D3-BF4B-00C04F79EFBC}") = "PerformanceLabTest", "PerformanceLabTest.csproj", "{FA573710-C2F4-4954-8214-A0E627E6D7DF}"
EndProject
Global
	GlobalSection(SolutionConfigurationPlatforms) = preSolution
		Task 1|Any CPU = Task 1|Any CPU
		Task 2|Any CPU = Task 2|Any CPU
		Task 3|Any CPU = Task 3|Any CPU
	EndGlobalSection
	GlobalSection(ProjectConfigurationPlatforms) = postSolution
		{FA573710-C2F4-4954-8214-A0E627E6D7DF}.Task 1|Any CPU.ActiveCfg = Task 1|Any CPU
		{FA573710-C2F4-4954-8214-A0E627E6D7DF}.Task 1|Any CPU.Build.0 = Task 1|Any CPU
		{FA573710-C2F4-4954-8214-A0E627E6D7DF}.Task 2|Any CPU.ActiveCfg = Task 2|Any CPU
		{FA573710-C2F4-4954-8214-A0E627E6D7DF}.Task 2|Any CPU.Build.0 = Task 2|Any CPU
		{FA573710-C2F4-4954-8214-A0E627E6D7DF}.Task 3|Any CPU.ActiveCfg = Task 3|Any CPU
		{FA573710-C2F4-4954-8214-A0E627E6D7DF}.Task 3|Any CPU.Build.0 = Task 3|Any CPU
	EndGlobalSection
EndGlobal
